// !$*UTF8*$!
{
	archiveVersion = 1;
	classes = {
	};
	objectVersion = 50;
	objects = {

/* Begin PBXBuildFile section */
		A6E1EF34259D8EE700757006 /* ScrumdingerApp.swift in Sources */ = {isa = PBXBuildFile; fileRef = A6E1EF33259D8EE700757006 /* ScrumdingerApp.swift */; };
		A6E1EF36259D8EE700757006 /* MeetingView.swift in Sources */ = {isa = PBXBuildFile; fileRef = A6E1EF35259D8EE700757006 /* MeetingView.swift */; };
		A6E1EF38259D8EEA00757006 /* Assets.xcassets in Resources */ = {isa = PBXBuildFile; fileRef = A6E1EF37259D8EEA00757006 /* Assets.xcassets */; };
		A6E1EF3B259D8EEA00757006 /* Preview Assets.xcassets in Resources */ = {isa = PBXBuildFile; fileRef = A6E1EF3A259D8EEA00757006 /* Preview Assets.xcassets */; };
		A6E1EF46259EC12200757006 /* DailyScrum.swift in Sources */ = {isa = PBXBuildFile; fileRef = A6E1EF45259EC12200757006 /* DailyScrum.swift */; };
		A6E1EF4A259EC25200757006 /* CardView.swift in Sources */ = {isa = PBXBuildFile; fileRef = A6E1EF49259EC25200757006 /* CardView.swift */; };
		A6E1EF4D259EC76100757006 /* Color+Codable.swift in Sources */ = {isa = PBXBuildFile; fileRef = A6E1EF4C259EC76100757006 /* Color+Codable.swift */; };
		A6E1EF50259ED4AA00757006 /* ScrumsView.swift in Sources */ = {isa = PBXBuildFile; fileRef = A6E1EF4F259ED4AA00757006 /* ScrumsView.swift */; };
		A6E1EF54259EE33400757006 /* DetailView.swift in Sources */ = {isa = PBXBuildFile; fileRef = A6E1EF53259EE33400757006 /* DetailView.swift */; };
		A6E1EF57259F9EE000757006 /* EditView.swift in Sources */ = {isa = PBXBuildFile; fileRef = A6E1EF56259F9EE000757006 /* EditView.swift */; };
		A6E1EF5A25A0031600757006 /* MeetingHeaderView.swift in Sources */ = {isa = PBXBuildFile; fileRef = A6E1EF5925A0031600757006 /* MeetingHeaderView.swift */; };
		A6E1EF5E25A009BD00757006 /* ScrumProgressViewStyle.swift in Sources */ = {isa = PBXBuildFile; fileRef = A6E1EF5D25A009BD00757006 /* ScrumProgressViewStyle.swift */; };
		A6E1EF6125A00C3700757006 /* ScrumTimer.swift in Sources */ = {isa = PBXBuildFile; fileRef = A6E1EF6025A00C3700757006 /* ScrumTimer.swift */; };
		A6E1EF6425A0132900757006 /* MeetingFooterView.swift in Sources */ = {isa = PBXBuildFile; fileRef = A6E1EF6325A0132900757006 /* MeetingFooterView.swift */; };
		A6E1EF6725A0294800757006 /* AVPlayer+Ding.swift in Sources */ = {isa = PBXBuildFile; fileRef = A6E1EF6625A0294800757006 /* AVPlayer+Ding.swift */; };
		A6E1EF6C25A029DB00757006 /* ding.wav in Resources */ = {isa = PBXBuildFile; fileRef = A6E1EF6B25A029DB00757006 /* ding.wav */; };
		A6E1EF6F25A0338200757006 /* History.swift in Sources */ = {isa = PBXBuildFile; fileRef = A6E1EF6E25A0338200757006 /* History.swift */; };
/* End PBXBuildFile section */

/* Begin PBXFileReference section */
		A6E1EF30259D8EE700757006 /* Scrumdinger.app */ = {isa = PBXFileReference; explicitFileType = wrapper.application; includeInIndex = 0; path = Scrumdinger.app; sourceTree = BUILT_PRODUCTS_DIR; };
		A6E1EF33259D8EE700757006 /* ScrumdingerApp.swift */ = {isa = PBXFileReference; lastKnownFileType = sourcecode.swift; path = ScrumdingerApp.swift; sourceTree = "<group>"; };
		A6E1EF35259D8EE700757006 /* MeetingView.swift */ = {isa = PBXFileReference; lastKnownFileType = sourcecode.swift; path = MeetingView.swift; sourceTree = "<group>"; };
		A6E1EF37259D8EEA00757006 /* Assets.xcassets */ = {isa = PBXFileReference; lastKnownFileType = folder.assetcatalog; path = Assets.xcassets; sourceTree = "<group>"; };
		A6E1EF3A259D8EEA00757006 /* Preview Assets.xcassets */ = {isa = PBXFileReference; lastKnownFileType = folder.assetcatalog; path = "Preview Assets.xcassets"; sourceTree = "<group>"; };
		A6E1EF3C259D8EEA00757006 /* Info.plist */ = {isa = PBXFileReference; lastKnownFileType = text.plist.xml; path = Info.plist; sourceTree = "<group>"; };
		A6E1EF45259EC12200757006 /* DailyScrum.swift */ = {isa = PBXFileReference; lastKnownFileType = sourcecode.swift; path = DailyScrum.swift; sourceTree = "<group>"; };
		A6E1EF49259EC25200757006 /* CardView.swift */ = {isa = PBXFileReference; lastKnownFileType = sourcecode.swift; path = CardView.swift; sourceTree = "<group>"; };
		A6E1EF4C259EC76100757006 /* Color+Codable.swift */ = {isa = PBXFileReference; lastKnownFileType = sourcecode.swift; path = "Color+Codable.swift"; sourceTree = "<group>"; };
		A6E1EF4F259ED4AA00757006 /* ScrumsView.swift */ = {isa = PBXFileReference; lastKnownFileType = sourcecode.swift; path = ScrumsView.swift; sourceTree = "<group>"; };
		A6E1EF53259EE33400757006 /* DetailView.swift */ = {isa = PBXFileReference; lastKnownFileType = sourcecode.swift; path = DetailView.swift; sourceTree = "<group>"; };
		A6E1EF56259F9EE000757006 /* EditView.swift */ = {isa = PBXFileReference; lastKnownFileType = sourcecode.swift; path = EditView.swift; sourceTree = "<group>"; };
		A6E1EF5925A0031600757006 /* MeetingHeaderView.swift */ = {isa = PBXFileReference; lastKnownFileType = sourcecode.swift; path = MeetingHeaderView.swift; sourceTree = "<group>"; };
		A6E1EF5D25A009BD00757006 /* ScrumProgressViewStyle.swift */ = {isa = PBXFileReference; lastKnownFileType = sourcecode.swift; path = ScrumProgressViewStyle.swift; sourceTree = "<group>"; };
		A6E1EF6025A00C3700757006 /* ScrumTimer.swift */ = {isa = PBXFileReference; lastKnownFileType = sourcecode.swift; path = ScrumTimer.swift; sourceTree = "<group>"; };
		A6E1EF6325A0132900757006 /* MeetingFooterView.swift */ = {isa = PBXFileReference; lastKnownFileType = sourcecode.swift; path = MeetingFooterView.swift; sourceTree = "<group>"; };
		A6E1EF6625A0294800757006 /* AVPlayer+Ding.swift */ = {isa = PBXFileReference; lastKnownFileType = sourcecode.swift; path = "AVPlayer+Ding.swift"; sourceTree = "<group>"; };
		A6E1EF6B25A029DB00757006 /* ding.wav */ = {isa = PBXFileReference; lastKnownFileType = audio.wav; path = ding.wav; sourceTree = "<group>"; };
		A6E1EF6E25A0338200757006 /* History.swift */ = {isa = PBXFileReference; lastKnownFileType = sourcecode.swift; path = History.swift; sourceTree = "<group>"; };
/* End PBXFileReference section */

/* Begin PBXFrameworksBuildPhase section */
		A6E1EF2D259D8EE700757006 /* Frameworks */ = {
			isa = PBXFrameworksBuildPhase;
			buildActionMask = 2147483647;
			files = (
			);
			runOnlyForDeploymentPostprocessing = 0;
		};
/* End PBXFrameworksBuildPhase section */

/* Begin PBXGroup section */
		A6E1EF27259D8EE700757006 = {
			isa = PBXGroup;
			children = (
				A6E1EF32259D8EE700757006 /* Scrumdinger */,
				A6E1EF31259D8EE700757006 /* Products */,
			);
			sourceTree = "<group>";
		};
		A6E1EF31259D8EE700757006 /* Products */ = {
			isa = PBXGroup;
			children = (
				A6E1EF30259D8EE700757006 /* Scrumdinger.app */,
			);
			name = Products;
			sourceTree = "<group>";
		};
		A6E1EF32259D8EE700757006 /* Scrumdinger */ = {
			isa = PBXGroup;
			children = (
				A6E1EF44259EC10300757006 /* Models */,
				A6E1EF33259D8EE700757006 /* ScrumdingerApp.swift */,
				A6E1EF35259D8EE700757006 /* MeetingView.swift */,
				A6E1EF5925A0031600757006 /* MeetingHeaderView.swift */,
				A6E1EF6325A0132900757006 /* MeetingFooterView.swift */,
				A6E1EF5D25A009BD00757006 /* ScrumProgressViewStyle.swift */,
				A6E1EF4F259ED4AA00757006 /* ScrumsView.swift */,
				A6E1EF53259EE33400757006 /* DetailView.swift */,
				A6E1EF56259F9EE000757006 /* EditView.swift */,
				A6E1EF49259EC25200757006 /* CardView.swift */,
				A6E1EF37259D8EEA00757006 /* Assets.xcassets */,
				A6E1EF3C259D8EEA00757006 /* Info.plist */,
				A6E1EF6A25A029C200757006 /* Resources */,
				A6E1EF39259D8EEA00757006 /* Preview Content */,
			);
			path = Scrumdinger;
			sourceTree = "<group>";
		};
		A6E1EF39259D8EEA00757006 /* Preview Content */ = {
			isa = PBXGroup;
			children = (
				A6E1EF3A259D8EEA00757006 /* Preview Assets.xcassets */,
			);
			path = "Preview Content";
			sourceTree = "<group>";
		};
		A6E1EF44259EC10300757006 /* Models */ = {
			isa = PBXGroup;
			children = (
				A6E1EF6625A0294800757006 /* AVPlayer+Ding.swift */,
				A6E1EF4C259EC76100757006 /* Color+Codable.swift */,
				A6E1EF45259EC12200757006 /* DailyScrum.swift */,
				A6E1EF6E25A0338200757006 /* History.swift */,
				A6E1EF6025A00C3700757006 /* ScrumTimer.swift */,
			);
			path = Models;
			sourceTree = "<group>";
		};
		A6E1EF6A25A029C200757006 /* Resources */ = {
			isa = PBXGroup;
			children = (
				A6E1EF6B25A029DB00757006 /* ding.wav */,
			);
			path = Resources;
			sourceTree = "<group>";
		};
/* End PBXGroup section */

/* Begin PBXNativeTarget section */
		A6E1EF2F259D8EE700757006 /* Scrumdinger */ = {
			isa = PBXNativeTarget;
			buildConfigurationList = A6E1EF3F259D8EEA00757006 /* Build configuration list for PBXNativeTarget "Scrumdinger" */;
			buildPhases = (
				A6E1EF2C259D8EE700757006 /* Sources */,
				A6E1EF2D259D8EE700757006 /* Frameworks */,
				A6E1EF2E259D8EE700757006 /* Resources */,
			);
			buildRules = (
			);
			dependencies = (
			);
			name = Scrumdinger;
			productName = Scrumdinger;
			productReference = A6E1EF30259D8EE700757006 /* Scrumdinger.app */;
			productType = "com.apple.product-type.application";
		};
/* End PBXNativeTarget section */

/* Begin PBXProject section */
		A6E1EF28259D8EE700757006 /* Project object */ = {
			isa = PBXProject;
			attributes = {
				LastSwiftUpdateCheck = 1230;
				LastUpgradeCheck = 1230;
				TargetAttributes = {
					A6E1EF2F259D8EE700757006 = {
						CreatedOnToolsVersion = 12.3;
					};
				};
			};
			buildConfigurationList = A6E1EF2B259D8EE700757006 /* Build configuration list for PBXProject "Scrumdinger" */;
			compatibilityVersion = "Xcode 9.3";
			developmentRegion = en;
			hasScannedForEncodings = 0;
			knownRegions = (
				en,
				Base,
			);
			mainGroup = A6E1EF27259D8EE700757006;
			productRefGroup = A6E1EF31259D8EE700757006 /* Products */;
			projectDirPath = "";
			projectRoot = "";
			targets = (
				A6E1EF2F259D8EE700757006 /* Scrumdinger */,
			);
		};
/* End PBXProject section */

/* Begin PBXResourcesBuildPhase section */
		A6E1EF2E259D8EE700757006 /* Resources */ = {
			isa = PBXResourcesBuildPhase;
			buildActionMask = 2147483647;
			files = (
				A6E1EF6C25A029DB00757006 /* ding.wav in Resources */,
				A6E1EF3B259D8EEA00757006 /* Preview Assets.xcassets in Resources */,
				A6E1EF38259D8EEA00757006 /* Assets.xcassets in Resources */,
			);
			runOnlyForDeploymentPostprocessing = 0;
		};
/* End PBXResourcesBuildPhase section */

/* Begin PBXSourcesBuildPhase section */
		A6E1EF2C259D8EE700757006 /* Sources */ = {
			isa = PBXSourcesBuildPhase;
			buildActionMask = 2147483647;
			files = (
				A6E1EF36259D8EE700757006 /* MeetingView.swift in Sources */,
				A6E1EF50259ED4AA00757006 /* ScrumsView.swift in Sources */,
				A6E1EF6F25A0338200757006 /* History.swift in Sources */,
				A6E1EF57259F9EE000757006 /* EditView.swift in Sources */,
				A6E1EF6725A0294800757006 /* AVPlayer+Ding.swift in Sources */,
				A6E1EF5A25A0031600757006 /* MeetingHeaderView.swift in Sources */,
				A6E1EF46259EC12200757006 /* DailyScrum.swift in Sources */,
				A6E1EF6425A0132900757006 /* MeetingFooterView.swift in Sources */,
				A6E1EF54259EE33400757006 /* DetailView.swift in Sources */,
				A6E1EF6125A00C3700757006 /* ScrumTimer.swift in Sources */,
				A6E1EF4A259EC25200757006 /* CardView.swift in Sources */,
				A6E1EF4D259EC76100757006 /* Color+Codable.swift in Sources */,
				A6E1EF5E25A009BD00757006 /* ScrumProgressViewStyle.swift in Sources */,
				A6E1EF34259D8EE700757006 /* ScrumdingerApp.swift in Sources */,
			);
			runOnlyForDeploymentPostprocessing = 0;
		};
/* End PBXSourcesBuildPhase section */

/* Begin XCBuildConfiguration section */
		A6E1EF3D259D8EEA00757006 /* Debug */ = {
			isa = XCBuildConfiguration;
			buildSettings = {
				ALWAYS_SEARCH_USER_PATHS = NO;
				CLANG_ANALYZER_NONNULL = YES;
				CLANG_ANALYZER_NUMBER_OBJECT_CONVERSION = YES_AGGRESSIVE;
				CLANG_CXX_LANGUAGE_STANDARD = "gnu++14";
				CLANG_CXX_LIBRARY = "libc++";
				CLANG_ENABLE_MODULES = YES;
				CLANG_ENABLE_OBJC_ARC = YES;
				CLANG_ENABLE_OBJC_WEAK = YES;
				CLANG_WARN_BLOCK_CAPTURE_AUTORELEASING = YES;
				CLANG_WARN_BOOL_CONVERSION = YES;
				CLANG_WARN_COMMA = YES;
				CLANG_WARN_CONSTANT_CONVERSION = YES;
				CLANG_WARN_DEPRECATED_OBJC_IMPLEMENTATIONS = YES;
				CLANG_WARN_DIRECT_OBJC_ISA_USAGE = YES_ERROR;
				CLANG_WARN_DOCUMENTATION_COMMENTS = YES;
				CLANG_WARN_EMPTY_BODY = YES;
				CLANG_WARN_ENUM_CONVERSION = YES;
				CLANG_WARN_INFINITE_RECURSION = YES;
				CLANG_WARN_INT_CONVERSION = YES;
				CLANG_WARN_NON_LITERAL_NULL_CONVERSION = YES;
				CLANG_WARN_OBJC_IMPLICIT_RETAIN_SELF = YES;
				CLANG_WARN_OBJC_LITERAL_CONVERSION = YES;
				CLANG_WARN_OBJC_ROOT_CLASS = YES_ERROR;
				CLANG_WARN_QUOTED_INCLUDE_IN_FRAMEWORK_HEADER = YES;
				CLANG_WARN_RANGE_LOOP_ANALYSIS = YES;
				CLANG_WARN_STRICT_PROTOTYPES = YES;
				CLANG_WARN_SUSPICIOUS_MOVE = YES;
				CLANG_WARN_UNGUARDED_AVAILABILITY = YES_AGGRESSIVE;
				CLANG_WARN_UNREACHABLE_CODE = YES;
				CLANG_WARN__DUPLICATE_METHOD_MATCH = YES;
				COPY_PHASE_STRIP = NO;
				DEBUG_INFORMATION_FORMAT = dwarf;
				ENABLE_STRICT_OBJC_MSGSEND = YES;
				ENABLE_TESTABILITY = YES;
				GCC_C_LANGUAGE_STANDARD = gnu11;
				GCC_DYNAMIC_NO_PIC = NO;
				GCC_NO_COMMON_BLOCKS = YES;
				GCC_OPTIMIZATION_LEVEL = 0;
				GCC_PREPROCESSOR_DEFINITIONS = (
					"DEBUG=1",
					"$(inherited)",
				);
				GCC_WARN_64_TO_32_BIT_CONVERSION = YES;
				GCC_WARN_ABOUT_RETURN_TYPE = YES_ERROR;
				GCC_WARN_UNDECLARED_SELECTOR = YES;
				GCC_WARN_UNINITIALIZED_AUTOS = YES_AGGRESSIVE;
				GCC_WARN_UNUSED_FUNCTION = YES;
				GCC_WARN_UNUSED_VARIABLE = YES;
				IPHONEOS_DEPLOYMENT_TARGET = 14.3;
				MTL_ENABLE_DEBUG_INFO = INCLUDE_SOURCE;
				MTL_FAST_MATH = YES;
				ONLY_ACTIVE_ARCH = YES;
				SDKROOT = iphoneos;
				SWIFT_ACTIVE_COMPILATION_CONDITIONS = DEBUG;
				SWIFT_OPTIMIZATION_LEVEL = "-Onone";
			};
			name = Debug;
		};
		A6E1EF3E259D8EEA00757006 /* Release */ = {
			isa = XCBuildConfiguration;
			buildSettings = {
				ALWAYS_SEARCH_USER_PATHS = NO;
				CLANG_ANALYZER_NONNULL = YES;
				CLANG_ANALYZER_NUMBER_OBJECT_CONVERSION = YES_AGGRESSIVE;
				CLANG_CXX_LANGUAGE_STANDARD = "gnu++14";
				CLANG_CXX_LIBRARY = "libc++";
				CLANG_ENABLE_MODULES = YES;
				CLANG_ENABLE_OBJC_ARC = YES;
				CLANG_ENABLE_OBJC_WEAK = YES;
				CLANG_WARN_BLOCK_CAPTURE_AUTORELEASING = YES;
				CLANG_WARN_BOOL_CONVERSION = YES;
				CLANG_WARN_COMMA = YES;
				CLANG_WARN_CONSTANT_CONVERSION = YES;
				CLANG_WARN_DEPRECATED_OBJC_IMPLEMENTATIONS = YES;
				CLANG_WARN_DIRECT_OBJC_ISA_USAGE = YES_ERROR;
				CLANG_WARN_DOCUMENTATION_COMMENTS = YES;
				CLANG_WARN_EMPTY_BODY = YES;
				CLANG_WARN_ENUM_CONVERSION = YES;
				CLANG_WARN_INFINITE_RECURSION = YES;
				CLANG_WARN_INT_CONVERSION = YES;
				CLANG_WARN_NON_LITERAL_NULL_CONVERSION = YES;
				CLANG_WARN_OBJC_IMPLICIT_RETAIN_SELF = YES;
				CLANG_WARN_OBJC_LITERAL_CONVERSION = YES;
				CLANG_WARN_OBJC_ROOT_CLASS = YES_ERROR;
				CLANG_WARN_QUOTED_INCLUDE_IN_FRAMEWORK_HEADER = YES;
				CLANG_WARN_RANGE_LOOP_ANALYSIS = YES;
				CLANG_WARN_STRICT_PROTOTYPES = YES;
				CLANG_WARN_SUSPICIOUS_MOVE = YES;
				CLANG_WARN_UNGUARDED_AVAILABILITY = YES_AGGRESSIVE;
				CLANG_WARN_UNREACHABLE_CODE = YES;
				CLANG_WARN__DUPLICATE_METHOD_MATCH = YES;
				COPY_PHASE_STRIP = NO;
				DEBUG_INFORMATION_FORMAT = "dwarf-with-dsym";
				ENABLE_NS_ASSERTIONS = NO;
				ENABLE_STRICT_OBJC_MSGSEND = YES;
				GCC_C_LANGUAGE_STANDARD = gnu11;
				GCC_NO_COMMON_BLOCKS = YES;
				GCC_WARN_64_TO_32_BIT_CONVERSION = YES;
				GCC_WARN_ABOUT_RETURN_TYPE = YES_ERROR;
				GCC_WARN_UNDECLARED_SELECTOR = YES;
				GCC_WARN_UNINITIALIZED_AUTOS = YES_AGGRESSIVE;
				GCC_WARN_UNUSED_FUNCTION = YES;
				GCC_WARN_UNUSED_VARIABLE = YES;
				IPHONEOS_DEPLOYMENT_TARGET = 14.3;
				MTL_ENABLE_DEBUG_INFO = NO;
				MTL_FAST_MATH = YES;
				SDKROOT = iphoneos;
				SWIFT_COMPILATION_MODE = wholemodule;
				SWIFT_OPTIMIZATION_LEVEL = "-O";
				VALIDATE_PRODUCT = YES;
			};
			name = Release;
		};
		A6E1EF40259D8EEA00757006 /* Debug */ = {
			isa = XCBuildConfiguration;
			buildSettings = {
				ASSETCATALOG_COMPILER_APPICON_NAME = AppIcon;
				ASSETCATALOG_COMPILER_GLOBAL_ACCENT_COLOR_NAME = AccentColor;
				CODE_SIGN_STYLE = Automatic;
				DEVELOPMENT_ASSET_PATHS = "\"Scrumdinger/Preview Content\"";
				DEVELOPMENT_TEAM = 4LCWFZ2JA9;
				ENABLE_PREVIEWS = YES;
				INFOPLIST_FILE = Scrumdinger/Info.plist;
				IPHONEOS_DEPLOYMENT_TARGET = 14.0;
				LD_RUNPATH_SEARCH_PATHS = (
					"$(inherited)",
					"@executable_path/Frameworks",
				);
				PRODUCT_BUNDLE_IDENTIFIER = rs.Scrumdinger;
				PRODUCT_NAME = "$(TARGET_NAME)";
				SWIFT_VERSION = 5.0;
				TARGETED_DEVICE_FAMILY = "1,2";
			};
			name = Debug;
		};
		A6E1EF41259D8EEA00757006 /* Release */ = {
			isa = XCBuildConfiguration;
			buildSettings = {
				ASSETCATALOG_COMPILER_APPICON_NAME = AppIcon;
				ASSETCATALOG_COMPILER_GLOBAL_ACCENT_COLOR_NAME = AccentColor;
				CODE_SIGN_STYLE = Automatic;
				DEVELOPMENT_ASSET_PATHS = "\"Scrumdinger/Preview Content\"";
				DEVELOPMENT_TEAM = 4LCWFZ2JA9;
				ENABLE_PREVIEWS = YES;
				INFOPLIST_FILE = Scrumdinger/Info.plist;
				IPHONEOS_DEPLOYMENT_TARGET = 14.0;
				LD_RUNPATH_SEARCH_PATHS = (
					"$(inherited)",
					"@executable_path/Frameworks",
				);
				PRODUCT_BUNDLE_IDENTIFIER = rs.Scrumdinger;
				PRODUCT_NAME = "$(TARGET_NAME)";
				SWIFT_VERSION = 5.0;
				TARGETED_DEVICE_FAMILY = "1,2";
			};
			name = Release;
		};
/* End XCBuildConfiguration section */

/* Begin XCConfigurationList section */
		A6E1EF2B259D8EE700757006 /* Build configuration list for PBXProject "Scrumdinger" */ = {
			isa = XCConfigurationList;
			buildConfigurations = (
				A6E1EF3D259D8EEA00757006 /* Debug */,
				A6E1EF3E259D8EEA00757006 /* Release */,
			);
			defaultConfigurationIsVisible = 0;
			defaultConfigurationName = Release;
		};
		A6E1EF3F259D8EEA00757006 /* Build configuration list for PBXNativeTarget "Scrumdinger" */ = {
			isa = XCConfigurationList;
			buildConfigurations = (
				A6E1EF40259D8EEA00757006 /* Debug */,
				A6E1EF41259D8EEA00757006 /* Release */,
			);
			defaultConfigurationIsVisible = 0;
			defaultConfigurationName = Release;
		};
/* End XCConfigurationList section */
	};
	rootObject = A6E1EF28259D8EE700757006 /* Project object */;
}
